
Microsoft Visual Studio Solution File, Format Version 12.00
# Visual Studio 15
VisualStudioVersion = 15.0.28307.1340
MinimumVisualStudioVersion = 10.0.40219.1
Project("{FAE04EC0-301F-11D3-BF4B-00C04F79EFBC}") = "ABS.Models", "ABS.Models\ABS.Models.csproj", "{FDE939A4-6871-48B4-A98B-AEB0737F3FAA}"
EndProject
Project("{FAE04EC0-301F-11D3-BF4B-00C04F79EFBC}") = "ABS.BAL", "ABS.BAL\ABS.BAL.csproj", "{E378C685-42B6-45A8-8E3A-63DB128EF41D}"
EndProject
Project("{FAE04EC0-301F-11D3-BF4B-00C04F79EFBC}") = "ABS.DAL", "ABS.DAL\ABS.DAL.csproj", "{6877FDF0-6187-47C1-AD88-ECBBF51DF96D}"
EndProject
Project("{FAE04EC0-301F-11D3-BF4B-00C04F79EFBC}") = "ABS.WebCustomer", "ABS.WebCustomer\ABS.WebCustomer.csproj", "{1657B726-96E0-40CF-81FA-A1E1CF024FB3}"
EndProject
Project("{FAE04EC0-301F-11D3-BF4B-00C04F79EFBC}") = "ABS.WebDealer", "ABS.WebDealer\ABS.WebDealer.csproj", "{A3F85D28-CE98-442F-9E94-A20EF82956F2}"
EndProject
Global
	GlobalSection(SolutionConfigurationPlatforms) = preSolution
		Debug|Any CPU = Debug|Any CPU
		Release|Any CPU = Release|Any CPU
	EndGlobalSection
	GlobalSection(ProjectConfigurationPlatforms) = postSolution
		{FDE939A4-6871-48B4-A98B-AEB0737F3FAA}.Debug|Any CPU.ActiveCfg = Debug|Any CPU
		{FDE939A4-6871-48B4-A98B-AEB0737F3FAA}.Debug|Any CPU.Build.0 = Debug|Any CPU
		{FDE939A4-6871-48B4-A98B-AEB0737F3FAA}.Release|Any CPU.ActiveCfg = Release|Any CPU
		{FDE939A4-6871-48B4-A98B-AEB0737F3FAA}.Release|Any CPU.Build.0 = Release|Any CPU
		{E378C685-42B6-45A8-8E3A-63DB128EF41D}.Debug|Any CPU.ActiveCfg = Debug|Any CPU
		{E378C685-42B6-45A8-8E3A-63DB128EF41D}.Debug|Any CPU.Build.0 = Debug|Any CPU
		{E378C685-42B6-45A8-8E3A-63DB128EF41D}.Release|Any CPU.ActiveCfg = Release|Any CPU
		{E378C685-42B6-45A8-8E3A-63DB128EF41D}.Release|Any CPU.Build.0 = Release|Any CPU
		{6877FDF0-6187-47C1-AD88-ECBBF51DF96D}.Debug|Any CPU.ActiveCfg = Debug|Any CPU
		{6877FDF0-6187-47C1-AD88-ECBBF51DF96D}.Debug|Any CPU.Build.0 = Debug|Any CPU
		{6877FDF0-6187-47C1-AD88-ECBBF51DF96D}.Release|Any CPU.ActiveCfg = Release|Any CPU
		{6877FDF0-6187-47C1-AD88-ECBBF51DF96D}.Release|Any CPU.Build.0 = Release|Any CPU
		{1657B726-96E0-40CF-81FA-A1E1CF024FB3}.Debug|Any CPU.ActiveCfg = Debug|Any CPU
		{1657B726-96E0-40CF-81FA-A1E1CF024FB3}.Debug|Any CPU.Build.0 = Debug|Any CPU
		{1657B726-96E0-40CF-81FA-A1E1CF024FB3}.Release|Any CPU.ActiveCfg = Release|Any CPU
		{1657B726-96E0-40CF-81FA-A1E1CF024FB3}.Release|Any CPU.Build.0 = Release|Any CPU
		{A3F85D28-CE98-442F-9E94-A20EF82956F2}.Debug|Any CPU.ActiveCfg = Debug|Any CPU
		{A3F85D28-CE98-442F-9E94-A20EF82956F2}.Debug|Any CPU.Build.0 = Debug|Any CPU
		{A3F85D28-CE98-442F-9E94-A20EF82956F2}.Release|Any CPU.ActiveCfg = Release|Any CPU
		{A3F85D28-CE98-442F-9E94-A20EF82956F2}.Release|Any CPU.Build.0 = Release|Any CPU
	EndGlobalSection
	GlobalSection(SolutionProperties) = preSolution
		HideSolutionNode = FALSE
	EndGlobalSection
	GlobalSection(ExtensibilityGlobals) = postSolution
		SolutionGuid = {86D9A825-0745-4A95-BD34-C7559EE816DF}
	EndGlobalSection
EndGlobal
